
Microsoft Visual Studio Solution File, Format Version 12.00
# Visual Studio Version 16
VisualStudioVersion = 16.0.28803.452
MinimumVisualStudioVersion = 15.0.26124.0
Project("{2150E333-8FDC-42A3-9474-1A3956D46DE8}") = "WebApi", "WebApi", "{B02BD909-5274-4119-AE18-ECE697989CD1}"
EndProject
Project("{2150E333-8FDC-42A3-9474-1A3956D46DE8}") = "UnitTests", "UnitTests", "{63D23D5F-88D0-403A-859C-C83B388E1E8C}"
EndProject
Project("{9A19103F-16F7-4668-BE54-9A1E7A4F7556}") = "APIPrevisaoTempo.WebApi", "WebApi\APIPrevisaoTempo.WebApi\APIPrevisaoTempo.WebApi.csproj", "{2B302EE0-BA0D-4820-8896-D7C428A0BC25}"
EndProject
Project("{9A19103F-16F7-4668-BE54-9A1E7A4F7556}") = "APIPrevisaoTempo.UnitTests", "UnitTests\APIPrevisaoTempo.UnitTests\APIPrevisaoTempo.UnitTests.csproj", "{6D17F3FD-7807-4E62-B214-05ECD270524E}"
EndProject
Project("{2150E333-8FDC-42A3-9474-1A3956D46DE8}") = "Domain", "Domain", "{761CBCC1-6C56-40AA-B598-B39578C29EEB}"
EndProject
Project("{9A19103F-16F7-4668-BE54-9A1E7A4F7556}") = "APIPrevisaoTempo.Domain", "Domain\APIPrevisaoTempo.Domain\APIPrevisaoTempo.Domain.csproj", "{37C6E4AF-FDD6-4172-8CC9-512A4EAC3D57}"
EndProject
Project("{2150E333-8FDC-42A3-9474-1A3956D46DE8}") = "Application", "Application", "{DFF4DD89-5138-454E-A50F-E3BDA65D30F4}"
EndProject
Project("{2150E333-8FDC-42A3-9474-1A3956D46DE8}") = "Infra", "Infra", "{47986668-9CF2-41E1-A56D-E653F95128B9}"
EndProject
Project("{9A19103F-16F7-4668-BE54-9A1E7A4F7556}") = "APIPrevisaoTempo.Infra.Data", "Infra\APIPrevisaoTempo.Infra.Data\APIPrevisaoTempo.Infra.Data.csproj", "{59DE98AD-9000-4C54-A32D-BF6E284E8D7C}"
EndProject
Project("{9A19103F-16F7-4668-BE54-9A1E7A4F7556}") = "APIPrevisaoTempo.Infra.CrossCutting", "Infra\APIPrevisaoTempo.CrossCutting\APIPrevisaoTempo.Infra.CrossCutting.csproj", "{4D43A141-6204-415E-8F0E-5E2E02634074}"
EndProject
Project("{9A19103F-16F7-4668-BE54-9A1E7A4F7556}") = "APIPrevisaoTempo.Application", "Application\APIPrevisaoTempo.Application\APIPrevisaoTempo.Application.csproj", "{05C9865A-7B15-45C7-82FB-37BF751173ED}"
EndProject
Global
	GlobalSection(SolutionConfigurationPlatforms) = preSolution
		Debug|Any CPU = Debug|Any CPU
		Debug|x64 = Debug|x64
		Debug|x86 = Debug|x86
		Release|Any CPU = Release|Any CPU
		Release|x64 = Release|x64
		Release|x86 = Release|x86
	EndGlobalSection
	GlobalSection(ProjectConfigurationPlatforms) = postSolution
		{2B302EE0-BA0D-4820-8896-D7C428A0BC25}.Debug|Any CPU.ActiveCfg = Debug|Any CPU
		{2B302EE0-BA0D-4820-8896-D7C428A0BC25}.Debug|Any CPU.Build.0 = Debug|Any CPU
		{2B302EE0-BA0D-4820-8896-D7C428A0BC25}.Debug|x64.ActiveCfg = Debug|Any CPU
		{2B302EE0-BA0D-4820-8896-D7C428A0BC25}.Debug|x64.Build.0 = Debug|Any CPU
		{2B302EE0-BA0D-4820-8896-D7C428A0BC25}.Debug|x86.ActiveCfg = Debug|Any CPU
		{2B302EE0-BA0D-4820-8896-D7C428A0BC25}.Debug|x86.Build.0 = Debug|Any CPU
		{2B302EE0-BA0D-4820-8896-D7C428A0BC25}.Release|Any CPU.ActiveCfg = Release|Any CPU
		{2B302EE0-BA0D-4820-8896-D7C428A0BC25}.Release|Any CPU.Build.0 = Release|Any CPU
		{2B302EE0-BA0D-4820-8896-D7C428A0BC25}.Release|x64.ActiveCfg = Release|Any CPU
		{2B302EE0-BA0D-4820-8896-D7C428A0BC25}.Release|x64.Build.0 = Release|Any CPU
		{2B302EE0-BA0D-4820-8896-D7C428A0BC25}.Release|x86.ActiveCfg = Release|Any CPU
		{2B302EE0-BA0D-4820-8896-D7C428A0BC25}.Release|x86.Build.0 = Release|Any CPU
		{6D17F3FD-7807-4E62-B214-05ECD270524E}.Debug|Any CPU.ActiveCfg = Debug|Any CPU
		{6D17F3FD-7807-4E62-B214-05ECD270524E}.Debug|Any CPU.Build.0 = Debug|Any CPU
		{6D17F3FD-7807-4E62-B214-05ECD270524E}.Debug|x64.ActiveCfg = Debug|Any CPU
		{6D17F3FD-7807-4E62-B214-05ECD270524E}.Debug|x64.Build.0 = Debug|Any CPU
		{6D17F3FD-7807-4E62-B214-05ECD270524E}.Debug|x86.ActiveCfg = Debug|Any CPU
		{6D17F3FD-7807-4E62-B214-05ECD270524E}.Debug|x86.Build.0 = Debug|Any CPU
		{6D17F3FD-7807-4E62-B214-05ECD270524E}.Release|Any CPU.ActiveCfg = Release|Any CPU
		{6D17F3FD-7807-4E62-B214-05ECD270524E}.Release|Any CPU.Build.0 = Release|Any CPU
		{6D17F3FD-7807-4E62-B214-05ECD270524E}.Release|x64.ActiveCfg = Release|Any CPU
		{6D17F3FD-7807-4E62-B214-05ECD270524E}.Release|x64.Build.0 = Release|Any CPU
		{6D17F3FD-7807-4E62-B214-05ECD270524E}.Release|x86.ActiveCfg = Release|Any CPU
		{6D17F3FD-7807-4E62-B214-05ECD270524E}.Release|x86.Build.0 = Release|Any CPU
		{37C6E4AF-FDD6-4172-8CC9-512A4EAC3D57}.Debug|Any CPU.ActiveCfg = Debug|Any CPU
		{37C6E4AF-FDD6-4172-8CC9-512A4EAC3D57}.Debug|Any CPU.Build.0 = Debug|Any CPU
		{37C6E4AF-FDD6-4172-8CC9-512A4EAC3D57}.Debug|x64.ActiveCfg = Debug|Any CPU
		{37C6E4AF-FDD6-4172-8CC9-512A4EAC3D57}.Debug|x64.Build.0 = Debug|Any CPU
		{37C6E4AF-FDD6-4172-8CC9-512A4EAC3D57}.Debug|x86.ActiveCfg = Debug|Any CPU
		{37C6E4AF-FDD6-4172-8CC9-512A4EAC3D57}.Debug|x86.Build.0 = Debug|Any CPU
		{37C6E4AF-FDD6-4172-8CC9-512A4EAC3D57}.Release|Any CPU.ActiveCfg = Release|Any CPU
		{37C6E4AF-FDD6-4172-8CC9-512A4EAC3D57}.Release|Any CPU.Build.0 = Release|Any CPU
		{37C6E4AF-FDD6-4172-8CC9-512A4EAC3D57}.Release|x64.ActiveCfg = Release|Any CPU
		{37C6E4AF-FDD6-4172-8CC9-512A4EAC3D57}.Release|x64.Build.0 = Release|Any CPU
		{37C6E4AF-FDD6-4172-8CC9-512A4EAC3D57}.Release|x86.ActiveCfg = Release|Any CPU
		{37C6E4AF-FDD6-4172-8CC9-512A4EAC3D57}.Release|x86.Build.0 = Release|Any CPU
		{59DE98AD-9000-4C54-A32D-BF6E284E8D7C}.Debug|Any CPU.ActiveCfg = Debug|Any CPU
		{59DE98AD-9000-4C54-A32D-BF6E284E8D7C}.Debug|Any CPU.Build.0 = Debug|Any CPU
		{59DE98AD-9000-4C54-A32D-BF6E284E8D7C}.Debug|x64.ActiveCfg = Debug|Any CPU
		{59DE98AD-9000-4C54-A32D-BF6E284E8D7C}.Debug|x64.Build.0 = Debug|Any CPU
		{59DE98AD-9000-4C54-A32D-BF6E284E8D7C}.Debug|x86.ActiveCfg = Debug|Any CPU
		{59DE98AD-9000-4C54-A32D-BF6E284E8D7C}.Debug|x86.Build.0 = Debug|Any CPU
		{59DE98AD-9000-4C54-A32D-BF6E284E8D7C}.Release|Any CPU.ActiveCfg = Release|Any CPU
		{59DE98AD-9000-4C54-A32D-BF6E284E8D7C}.Release|Any CPU.Build.0 = Release|Any CPU
		{59DE98AD-9000-4C54-A32D-BF6E284E8D7C}.Release|x64.ActiveCfg = Release|Any CPU
		{59DE98AD-9000-4C54-A32D-BF6E284E8D7C}.Release|x64.Build.0 = Release|Any CPU
		{59DE98AD-9000-4C54-A32D-BF6E284E8D7C}.Release|x86.ActiveCfg = Release|Any CPU
		{59DE98AD-9000-4C54-A32D-BF6E284E8D7C}.Release|x86.Build.0 = Release|Any CPU
		{4D43A141-6204-415E-8F0E-5E2E02634074}.Debug|Any CPU.ActiveCfg = Debug|Any CPU
		{4D43A141-6204-415E-8F0E-5E2E02634074}.Debug|Any CPU.Build.0 = Debug|Any CPU
		{4D43A141-6204-415E-8F0E-5E2E02634074}.Debug|x64.ActiveCfg = Debug|Any CPU
		{4D43A141-6204-415E-8F0E-5E2E02634074}.Debug|x64.Build.0 = Debug|Any CPU
		{4D43A141-6204-415E-8F0E-5E2E02634074}.Debug|x86.ActiveCfg = Debug|Any CPU
		{4D43A141-6204-415E-8F0E-5E2E02634074}.Debug|x86.Build.0 = Debug|Any CPU
		{4D43A141-6204-415E-8F0E-5E2E02634074}.Release|Any CPU.ActiveCfg = Release|Any CPU
		{4D43A141-6204-415E-8F0E-5E2E02634074}.Release|Any CPU.Build.0 = Release|Any CPU
		{4D43A141-6204-415E-8F0E-5E2E02634074}.Release|x64.ActiveCfg = Release|Any CPU
		{4D43A141-6204-415E-8F0E-5E2E02634074}.Release|x64.Build.0 = Release|Any CPU
		{4D43A141-6204-415E-8F0E-5E2E02634074}.Release|x86.ActiveCfg = Release|Any CPU
		{4D43A141-6204-415E-8F0E-5E2E02634074}.Release|x86.Build.0 = Release|Any CPU
		{05C9865A-7B15-45C7-82FB-37BF751173ED}.Debug|Any CPU.ActiveCfg = Debug|Any CPU
		{05C9865A-7B15-45C7-82FB-37BF751173ED}.Debug|Any CPU.Build.0 = Debug|Any CPU
		{05C9865A-7B15-45C7-82FB-37BF751173ED}.Debug|x64.ActiveCfg = Debug|Any CPU
		{05C9865A-7B15-45C7-82FB-37BF751173ED}.Debug|x64.Build.0 = Debug|Any CPU
		{05C9865A-7B15-45C7-82FB-37BF751173ED}.Debug|x86.ActiveCfg = Debug|Any CPU
		{05C9865A-7B15-45C7-82FB-37BF751173ED}.Debug|x86.Build.0 = Debug|Any CPU
		{05C9865A-7B15-45C7-82FB-37BF751173ED}.Release|Any CPU.ActiveCfg = Release|Any CPU
		{05C9865A-7B15-45C7-82FB-37BF751173ED}.Release|Any CPU.Build.0 = Release|Any CPU
		{05C9865A-7B15-45C7-82FB-37BF751173ED}.Release|x64.ActiveCfg = Release|Any CPU
		{05C9865A-7B15-45C7-82FB-37BF751173ED}.Release|x64.Build.0 = Release|Any CPU
		{05C9865A-7B15-45C7-82FB-37BF751173ED}.Release|x86.ActiveCfg = Release|Any CPU
		{05C9865A-7B15-45C7-82FB-37BF751173ED}.Release|x86.Build.0 = Release|Any CPU
	EndGlobalSection
	GlobalSection(SolutionProperties) = preSolution
		HideSolutionNode = FALSE
	EndGlobalSection
	GlobalSection(NestedProjects) = preSolution
		{2B302EE0-BA0D-4820-8896-D7C428A0BC25} = {B02BD909-5274-4119-AE18-ECE697989CD1}
		{6D17F3FD-7807-4E62-B214-05ECD270524E} = {63D23D5F-88D0-403A-859C-C83B388E1E8C}
		{37C6E4AF-FDD6-4172-8CC9-512A4EAC3D57} = {761CBCC1-6C56-40AA-B598-B39578C29EEB}
		{59DE98AD-9000-4C54-A32D-BF6E284E8D7C} = {47986668-9CF2-41E1-A56D-E653F95128B9}
		{4D43A141-6204-415E-8F0E-5E2E02634074} = {47986668-9CF2-41E1-A56D-E653F95128B9}
		{05C9865A-7B15-45C7-82FB-37BF751173ED} = {DFF4DD89-5138-454E-A50F-E3BDA65D30F4}
	EndGlobalSection
	GlobalSection(ExtensibilityGlobals) = postSolution
		SolutionGuid = {67C16D49-0D0C-4630-9858-9A7DF6FAE548}
	EndGlobalSection
EndGlobal
